<Solution>
  <Project Path="../CalculadoraBahiaFibra/CalculadoraBahiaFibra.csproj" />
  <Project Path="Desafio 0 3- Gerador de Senha Bahia Fibra Secure/Desafio 03 - Gerador de Senha Bahia Fibra Secure.csproj" Id="525707c8-64c3-448e-b596-b294529dd799" />
  <Project Path="Desafio02_ValidadorIP/Desafio02_ValidadorIP.csproj" Id="033d86a5-68a0-498b-87a7-f2f82cd0b9d1" />
</Solution>
